{
  "nodes": {
    "chaotic": {
      "inputs": {
        "flake-schemas": "flake-schemas",
        "home-manager": "home-manager",
        "nixpkgs": "nixpkgs"
      },
      "locked": {
        "lastModified": 1791509542,
        "narHash": "sha256-dHWC8huQF7/x4lSliIps6MBdPrN/lJubJYqs85gAwbI=",
        "owner": "chaotic-cx",
        "repo": "nyx",
        "rev": "68e68513a419eee7f664174f1cec6b64905c19f6",
        "type": "github"
      },
      "original": {
        "owner": "chaotic-cx",
        "ref": "nyxpkgs-unstable",
        "repo": "nyx",
        "type": "github"
      }
    },
    "chatgpt-desktop": {
      "inputs": {
        "nixpkgs": [
          "nixpkgs"
        ]
      },
      "locked": {
        "lastModified": 1791512065,
        "narHash": "sha256-4TJ/QoQmbS7xoITx4IyAuP0ZXj45udnxc+EH+7Jdu4A=",
        "owner": "danielbodart",
        "repo": "chatgpt-desktop",
        "rev": "99e504fb4ab5e2316e74ae940ba76ca6d0ba07c1",
        "type": "github"
      },
      "original": {
        "owner": "danielbodart",
        "repo": "chatgpt-desktop",
        "type": "github"
      }
    },
    "claude-desktop": {
      "inputs": {
        "nixpkgs": [
          "nixpkgs"
        ]
      },
      "locked": {
        "lastModified": 1790632875,
        "narHash": "sha256-ovY0ssXI4mfcLMa/bS5azndpke3qa0QOOxJgmj7sAXw=",
        "owner": "poeck",
        "repo": "claude-desktop-nix-flake",
        "rev": "55ba585546fe222bf18f391a98c1ee60f79684d2",
        "type": "github"
      },
      "original": {
        "owner": "poeck",
        "repo": "claude-desktop-nix-flake",
        "type": "github"
      }
    },
    "devshell": {
      "inputs": {
        "nixpkgs": [
          "tuios",
          "nixpkgs"
        ]
      },
      "locked": {
        "lastModified": 1768818222,
        "narHash": "sha256-460jc0+CZfyaO8+w8JNtlClB2n4ui1RbHfPTLkpwhU8=",
        "owner": "numtide",
        "repo": "devshell",
        "rev": "255a2b1725a20d060f566e4755dbf571bbbb5f76",
        "type": "github"
      },
      "original": {
        "owner": "numtide",
        "repo": "devshell",
        "type": "github"
      }
    },
    "flake-compat": {
      "flake": false,
      "locked": {
        "lastModified": 1761640442,
        "narHash": "sha256-AtrEP6Jmdvrqiv4x2xa5mrtaIp3OEe8uBYCDZDS+hu8=",
        "owner": "nix-community",
        "repo": "flake-compat",
        "rev": "4a56054d8ffc173222d09dad23adf4ba946c8884",
        "type": "github"
      },
      "original": {
        "owner": "nix-community",
        "repo": "flake-compat",
        "type": "github"
      }
    },
    "flake-parts": {
      "inputs": {
        "nixpkgs-lib": [
          "tuios",
          "nixpkgs"
        ]
      },
      "locked": {
        "lastModified": 1787559586,
        "narHash": "sha256-onL0VLf9vPllmT0H/OlURIU5r5t5WIEl7t4tVNKT0Nw=",
        "owner": "hercules-ci",
        "repo": "flake-parts",
        "rev": "9d0d87172c374f89da73c1cfe6d81ae62feac1f1",
        "type": "github"
      },
      "original": {
        "owner": "hercules-ci",
        "repo": "flake-parts",
        "type": "github"
      }
    },
    "flake-root": {
      "locked": {
        "lastModified": 1723604017,
        "narHash": "sha256-rBtQ8gg+Dn4Sx/s+pvjdq3CB2wQNzx9XGFq/JVGCB6k=",
        "owner": "srid",
        "repo": "flake-root",
        "rev": "b759a56851e10cb13f6b8e5698af7b59c44be26e",
        "type": "github"
      },
      "original": {
        "owner": "srid",
        "repo": "flake-root",
        "type": "github"
      }
    },
    "flake-schemas": {
      "locked": {
        "lastModified": 1780327564,
        "narHash": "sha256-HiRPtA0spK+Dkgbhz/1zW9glXxNVB+L4Rj2VYmdawb8=",
        "rev": "6cc9bd98891b1fc6bb2b8cb3277df8bc72799ca6",
        "revCount": 149,
        "type": "tarball",
        "url": "https://api.flakehub.com/f/pinned/DeterminateSystems/flake-schemas/0.5.0/019e83cf-9af3-78b1-ac5b-70e68ad1efe1/source.tar.gz"
      },
      "original": {
        "type": "tarball",
        "url": "https://flakehub.com/f/DeterminateSystems/flake-schemas/%3D0.5.0.tar.gz"
      }
    },
    "git-hooks-nix": {
      "inputs": {
        "flake-compat": [
          "tuios",
          "flake-compat"
        ],
        "nixpkgs": [
          "tuios",
          "nixpkgs"
        ]
      },
      "locked": {
        "lastModified": 1787424939,
        "narHash": "sha256-O2tBn84NNuHrnqNVxx/XqsXwfYvS1YwBh+7CBnbCYsk=",
        "owner": "cachix",
        "repo": "git-hooks.nix",
        "rev": "809414f0cdadf82cf11b06c2b29ba9b3168b3297",
        "type": "github"
      },
      "original": {
        "owner": "cachix",
        "repo": "git-hooks.nix",
        "type": "github"
      }
    },
    "helium": {
      "inputs": {
        "nixpkgs": [
          "nixpkgs"
        ],
        "nixpkgs-darwin": "nixpkgs-darwin",
        "utils": "utils"
      },
      "locked": {
        "lastModified": 1791539179,
        "narHash": "sha256-bd1tn/DCeoRT+q3uaJpZP66h0VtXqiv4OY6QdKoMW8w=",
        "owner": "schembriaiden",
        "repo": "helium-browser-nix-flake",
        "rev": "0df2692a56b16a6101e0ad6ed0133c59241b9591",
        "type": "github"
      },
      "original": {
        "owner": "schembriaiden",
        "repo": "helium-browser-nix-flake",
        "type": "github"
      }
    },
    "home-manager": {
      "inputs": {
        "nixpkgs": [
          "chaotic",
          "nixpkgs"
        ]
      },
      "locked": {
        "lastModified": 1791465139,
        "narHash": "sha256-hXTjOf2VQDXrNt4aU9rmNhc0qdOhnjy9FcA4tlPEdq8=",
        "owner": "nix-community",
        "repo": "home-manager",
        "rev": "678e6c11cd5d24226087dc758d17f705c7c4106a",
        "type": "github"
      },
      "original": {
        "owner": "nix-community",
        "repo": "home-manager",
        "type": "github"
      }
    },
    "home-manager_2": {
      "inputs": {
        "nixpkgs": [
          "nixpkgs"
        ]
      },
      "locked": {
        "lastModified": 1791484883,
        "narHash": "sha256-iKxFHJrg7Sltwhq3ssCZYQ4CFEDVvReVVuVuO9dj3sE=",
        "owner": "nix-community",
        "repo": "home-manager",
        "rev": "dfadbe5162d5e86bc0808badec8f346f81b4b3f0",
        "type": "github"
      },
      "original": {
        "owner": "nix-community",
        "repo": "home-manager",
        "type": "github"
      }
    },
    "hyprmod": {
      "inputs": {
        "nixpkgs": [
          "nixpkgs"
        ]
      },
      "locked": {
        "lastModified": 1791400091,
        "narHash": "sha256-ciQ03pwbhGTGo/stNmNM8sEIKYKpUp1cXyIihp9zi1M=",
        "owner": "BlueManCZ",
        "repo": "hyprmod",
        "rev": "e148d221cc62edaa8d1b8ffac0f0a57edcb8e3c1",
        "type": "github"
      },
      "original": {
        "owner": "BlueManCZ",
        "repo": "hyprmod",
        "type": "github"
      }
    },
    "msi-ec": {
      "flake": false,
      "locked": {
        "lastModified": 1786311270,
        "narHash": "sha256-+XNrhKeltD5eaasqDOdQ/9/dcPf1H6z2N8hGB344POQ=",
        "owner": "BeardOverflow",
        "repo": "msi-ec",
        "rev": "d7fbbd88e6831e56801b860e46475cbf8ddbc7c1",
        "type": "github"
      },
      "original": {
        "owner": "BeardOverflow",
        "repo": "msi-ec",
        "type": "github"
      }
    },
    "msi-mux": {
      "flake": false,
      "locked": {
        "lastModified": 1788792148,
        "narHash": "sha256-9phtTv2MKd2MqUcvhvGgpqQWqmw+FjgCRFmDHfogO9M=",
        "owner": "hayatboj",
        "repo": "msi-gpu-mux-switch",
        "rev": "e0a1e4bdeb14398b3be3722a1a91f9d1b6aa4403",
        "type": "github"
      },
      "original": {
        "owner": "hayatboj",
        "ref": "v0.5.0",
        "repo": "msi-gpu-mux-switch",
        "type": "github"
      }
    },
    "nix-fast-build": {
      "inputs": {
        "flake-parts": [
          "tuios",
          "flake-parts"
        ],
        "nixpkgs": [
          "tuios",
          "nixpkgs"
        ],
        "treefmt-nix": [
          "tuios",
          "treefmt-nix"
        ]
      },
      "locked": {
        "lastModified": 1787488599,
        "narHash": "sha256-oe3nq8sRFRLtRHQgnNqD26ETFfXtQ4tJPgP7RryApRE=",
        "owner": "Mic92",
        "repo": "nix-fast-build",
        "rev": "d5a820b15111cf70b2eb1fef94a4d65ded1a555f",
        "type": "github"
      },
      "original": {
        "owner": "Mic92",
        "repo": "nix-fast-build",
        "type": "github"
      }
    },
    "nixpkgs": {
      "locked": {
        "lastModified": 1791456040,
        "narHash": "sha256-gRZ/s8WQJ2CsXdhcDVQH34qxuL0MuMCOs3aBiK1Prsw=",
        "rev": "e7439b6b14ad3cc35d05608ebca9bce01a25f5f8",
        "type": "tarball",
        "url": "https://releases.nixos.org/nixos/unstable/nixos-26.11pre1087755.e7439b6b14ad/nixexprs.tar.zst"
      },
      "original": {
        "type": "tarball",
        "url": "https://channels.nixos.org/nixos-unstable/nixexprs.tar.zst"
      }
    },
    "nixpkgs-darwin": {
      "locked": {
        "lastModified": 1791447531,
        "narHash": "sha256-AsoGS8G2y3shwAtQWQhgV4Fa3uw6qzFejfqSblOGkhE=",
        "owner": "NixOS",
        "repo": "nixpkgs",
        "rev": "55afc4c3adc7194df3b96d43b7d18bf8131bfcfa",
        "type": "github"
      },
      "original": {
        "owner": "NixOS",
        "ref": "nixpkgs-26.05-darwin",
        "repo": "nixpkgs",
        "type": "github"
      }
    },
    "nixpkgs_2": {
      "locked": {
        "lastModified": 1791456040,
        "narHash": "sha256-H83yz/do+hjOO0uujHyH8RgtIQP2v7Mw+cLwcZK/xKc=",
        "owner": "NixOS",
        "repo": "nixpkgs",
        "rev": "e7439b6b14ad3cc35d05608ebca9bce01a25f5f8",
        "type": "github"
      },
      "original": {
        "owner": "NixOS",
        "ref": "nixos-unstable",
        "repo": "nixpkgs",
        "type": "github"
      }
    },
    "noctalia": {
      "inputs": {
        "nixpkgs": [
          "nixpkgs"
        ]
      },
      "locked": {
        "lastModified": 1791541573,
        "narHash": "sha256-mtndoRYrdI7vhnsow92ij70CbDYkkt7Owf9V/YZlqVE=",
        "owner": "noctalia-dev",
        "repo": "noctalia",
        "rev": "a0ef2d027b2cf3a750e41749a10706969cdde663",
        "type": "github"
      },
      "original": {
        "owner": "noctalia-dev",
        "repo": "noctalia",
        "type": "github"
      }
    },
    "opencode": {
      "inputs": {
        "nixpkgs": [
          "nixpkgs"
        ]
      },
      "locked": {
        "lastModified": 1791535593,
        "narHash": "sha256-Mzw/eecMA8oTcx5uujs/H9vuu9eaFr6rvYIjVDRoXVI=",
        "owner": "anomalyco",
        "repo": "opencode",
        "rev": "2f3ba04a8bb1c45f6b2f41db82d8c0da19db617e",
        "type": "github"
      },
      "original": {
        "owner": "anomalyco",
        "ref": "v2",
        "repo": "opencode",
        "type": "github"
      }
    },
    "root": {
      "inputs": {
        "chaotic": "chaotic",
        "chatgpt-desktop": "chatgpt-desktop",
        "claude-desktop": "claude-desktop",
        "helium": "helium",
        "home-manager": "home-manager_2",
        "hyprmod": "hyprmod",
        "msi-ec": "msi-ec",
        "msi-mux": "msi-mux",
        "nixpkgs": "nixpkgs_2",
        "noctalia": "noctalia",
        "opencode": "opencode",
        "tuios": "tuios"
      }
    },
    "systems": {
      "locked": {
        "lastModified": 1681028828,
        "narHash": "sha256-Vy1rq5AaRuLzOxct8nz4T6wlgyUR7zLU309k9mBC768=",
        "owner": "nix-systems",
        "repo": "default",
        "rev": "da67096a3b9bf56a91d16901293e51ba5b49a27e",
        "type": "github"
      },
      "original": {
        "owner": "nix-systems",
        "repo": "default",
        "type": "github"
      }
    },
    "treefmt-nix": {
      "inputs": {
        "nixpkgs": [
          "tuios",
          "nixpkgs"
        ]
      },
      "locked": {
        "lastModified": 1786901030,
        "narHash": "sha256-WSFCsDSE5ffgD2MqzkM2CYjeFiKhRF/dJUN8uedb6YE=",
        "owner": "numtide",
        "repo": "treefmt-nix",
        "rev": "27b3b12a8e6375f28ebe122f07d230ca5459bbfa",
        "type": "github"
      },
      "original": {
        "owner": "numtide",
        "repo": "treefmt-nix",
        "type": "github"
      }
    },
    "tuios": {
      "inputs": {
        "devshell": "devshell",
        "flake-compat": "flake-compat",
        "flake-parts": "flake-parts",
        "flake-root": "flake-root",
        "git-hooks-nix": "git-hooks-nix",
        "nix-fast-build": "nix-fast-build",
        "nixpkgs": [
          "nixpkgs"
        ],
        "treefmt-nix": "treefmt-nix"
      },
      "locked": {
        "lastModified": 1791530856,
        "narHash": "sha256-5R3iEWW002g9OfKpqwQz6/oSCznJQ8l2/PjXJ3VdGzU=",
        "owner": "Gaurav-Gosain",
        "repo": "tuios",
        "rev": "937cc6935448c36d2a8e8b3282fe1f76afb6cb6e",
        "type": "github"
      },
      "original": {
        "owner": "Gaurav-Gosain",
        "repo": "tuios",
        "type": "github"
      }
    },
    "utils": {
      "inputs": {
        "systems": "systems"
      },
      "locked": {
        "lastModified": 1731533236,
        "narHash": "sha256-l0KFg5HjrsfsO/JpG+r7fRrqm12kzFHyUHqHCVpMMbI=",
        "owner": "numtide",
        "repo": "flake-utils",
        "rev": "11707dc2f618dd54ca8739b309ec4fc024de578b",
        "type": "github"
      },
      "original": {
        "owner": "numtide",
        "repo": "flake-utils",
        "type": "github"
      }
    }
  },
  "root": "root",
  "version": 7
}
